// !$*UTF8*$!
{
	archiveVersion = 1;
	classes = {
	};
	objectVersion = 77;
	objects = {

/* Begin PBXContainerItemProxy section */
		D49616C72F86376C0076F614 /* PBXContainerItemProxy */ = {
			isa = PBXContainerItemProxy;
			containerPortal = D49616AF2F86376A0076F614 /* Project object */;
			proxyType = 1;
			remoteGlobalIDString = D49616B62F86376A0076F614;
			remoteInfo = "立马记";
		};
		D49616D12F86376C0076F614 /* PBXContainerItemProxy */ = {
			isa = PBXContainerItemProxy;
			containerPortal = D49616AF2F86376A0076F614 /* Project object */;
			proxyType = 1;
			remoteGlobalIDString = D49616B62F86376A0076F614;
			remoteInfo = "立马记";
		};
/* End PBXContainerItemProxy section */

/* Begin PBXFileReference section */
		D49616B72F86376A0076F614 /* 立马记.app */ = {isa = PBXFileReference; explicitFileType = wrapper.application; includeInIndex = 0; path = "立马记.app"; sourceTree = BUILT_PRODUCTS_DIR; };
		D49616C62F86376C0076F614 /* 立马记Tests.xctest */ = {isa = PBXFileReference; explicitFileType = wrapper.cfbundle; includeInIndex = 0; path = "立马记Tests.xctest"; sourceTree = BUILT_PRODUCTS_DIR; };
		D49616D02F86376C0076F614 /* 立马记UITests.xctest */ = {isa = PBXFileReference; explicitFileType = wrapper.cfbundle; includeInIndex = 0; path = "立马记UITests.xctest"; sourceTree = BUILT_PRODUCTS_DIR; };
/* End PBXFileReference section */

/* Begin PBXFileSystemSynchronizedRootGroup section */
		D49616B92F86376A0076F614 /* 立马记 */ = {
			isa = PBXFileSystemSynchronizedRootGroup;
			path = "立马记";
			sourceTree = "<group>";
		};
		D49616C92F86376C0076F614 /* 立马记Tests */ = {
			isa = PBXFileSystemSynchronizedRootGroup;
			path = "立马记Tests";
			sourceTree = "<group>";
		};
		D49616D32F86376C0076F614 /* 立马记UITests */ = {
			isa = PBXFileSystemSynchronizedRootGroup;
			path = "立马记UITests";
			sourceTree = "<group>";
		};
/* End PBXFileSystemSynchronizedRootGroup section */

/* Begin PBXFrameworksBuildPhase section */
		D49616B42F86376A0076F614 /* Frameworks */ = {
			isa = PBXFrameworksBuildPhase;
			buildActionMask = 2147483647;
			files = (
			);
			runOnlyForDeploymentPostprocessing = 0;
		};
		D49616C32F86376C0076F614 /* Frameworks */ = {
			isa = PBXFrameworksBuildPhase;
			buildActionMask = 2147483647;
			files = (
			);
			runOnlyForDeploymentPostprocessing = 0;
		};
		D49616CD2F86376C0076F614 /* Frameworks */ = {
			isa = PBXFrameworksBuildPhase;
			buildActionMask = 2147483647;
			files = (
			);
			runOnlyForDeploymentPostprocessing = 0;
		};
/* End PBXFrameworksBuildPhase section */

/* Begin PBXGroup section */
		D49616AE2F86376A0076F614 = {
			isa = PBXGroup;
			children = (
				D49616B92F86376A0076F614 /* 立马记 */,
				D49616C92F86376C0076F614 /* 立马记Tests */,
				D49616D32F86376C0076F614 /* 立马记UITests */,
				D49616B82F86376A0076F614 /* Products */,
			);
			sourceTree = "<group>";
		};
		D49616B82F86376A0076F614 /* Products */ = {
			isa = PBXGroup;
			children = (
				D49616B72F86376A0076F614 /* 立马记.app */,
				D49616C62F86376C0076F614 /* 立马记Tests.xctest */,
				D49616D02F86376C0076F614 /* 立马记UITests.xctest */,
			);
			name = Products;
			sourceTree = "<group>";
		};
/* End PBXGroup section */

/* Begin PBXNativeTarget section */
		D49616B62F86376A0076F614 /* 立马记 */ = {
			isa = PBXNativeTarget;
			buildConfigurationList = D49616DA2F86376C0076F614 /* Build configuration list for PBXNativeTarget "立马记" */;
			buildPhases = (
				D49616B32F86376A0076F614 /* Sources */,
				D49616B42F86376A0076F614 /* Frameworks */,
				D49616B52F86376A0076F614 /* Resources */,
			);
			buildRules = (
			);
			dependencies = (
			);
			fileSystemSynchronizedGroups = (
				D49616B92F86376A0076F614 /* 立马记 */,
			);
			name = "立马记";
			packageProductDependencies = (
			);
			productName = "立马记";
			productReference = D49616B72F86376A0076F614 /* 立马记.app */;
			productType = "com.apple.product-type.application";
		};
		D49616C52F86376C0076F614 /* 立马记Tests */ = {
			isa = PBXNativeTarget;
			buildConfigurationList = D49616DD2F86376C0076F614 /* Build configuration list for PBXNativeTarget "立马记Tests" */;
			buildPhases = (
				D49616C22F86376C0076F614 /* Sources */,
				D49616C32F86376C0076F614 /* Frameworks */,
				D49616C42F86376C0076F614 /* Resources */,
			);
			buildRules = (
			);
			dependencies = (
				D49616C82F86376C0076F614 /* PBXTargetDependency */,
			);
			fileSystemSynchronizedGroups = (
				D49616C92F86376C0076F614 /* 立马记Tests */,
			);
			name = "立马记Tests";
			packageProductDependencies = (
			);
			productName = "立马记Tests";
			productReference = D49616C62F86376C0076F614 /* 立马记Tests.xctest */;
			productType = "com.apple.product-type.bundle.unit-test";
		};
		D49616CF2F86376C0076F614 /* 立马记UITests */ = {
			isa = PBXNativeTarget;
			buildConfigurationList = D49616E02F86376C0076F614 /* Build configuration list for PBXNativeTarget "立马记UITests" */;
			buildPhases = (
				D49616CC2F86376C0076F614 /* Sources */,
				D49616CD2F86376C0076F614 /* Frameworks */,
				D49616CE2F86376C0076F614 /* Resources */,
			);
			buildRules = (
			);
			dependencies = (
				D49616D22F86376C0076F614 /* PBXTargetDependency */,
			);
			fileSystemSynchronizedGroups = (
				D49616D32F86376C0076F614 /* 立马记UITests */,
			);
			name = "立马记UITests";
			packageProductDependencies = (
			);
			productName = "立马记UITests";
			productReference = D49616D02F86376C0076F614 /* 立马记UITests.xctest */;
			productType = "com.apple.product-type.bundle.ui-testing";
		};
/* End PBXNativeTarget section */

/* Begin PBXProject section */
		D49616AF2F86376A0076F614 /* Project object */ = {
			isa = PBXProject;
			attributes = {
				BuildIndependentTargetsInParallel = 1;
				LastSwiftUpdateCheck = 1640;
				LastUpgradeCheck = 1640;
				TargetAttributes = {
					D49616B62F86376A0076F614 = {
						CreatedOnToolsVersion = 16.4;
					};
					D49616C52F86376C0076F614 = {
						CreatedOnToolsVersion = 16.4;
						TestTargetID = D49616B62F86376A0076F614;
					};
					D49616CF2F86376C0076F614 = {
						CreatedOnToolsVersion = 16.4;
						TestTargetID = D49616B62F86376A0076F614;
					};
				};
			};
			buildConfigurationList = D49616B22F86376A0076F614 /* Build configuration list for PBXProject "立马记" */;
			developmentRegion = en;
			hasScannedForEncodings = 0;
			knownRegions = (
				en,
				Base,
			);
			mainGroup = D49616AE2F86376A0076F614;
			minimizedProjectReferenceProxies = 1;
			preferredProjectObjectVersion = 77;
			productRefGroup = D49616B82F86376A0076F614 /* Products */;
			projectDirPath = "";
			projectRoot = "";
			targets = (
				D49616B62F86376A0076F614 /* 立马记 */,
				D49616C52F86376C0076F614 /* 立马记Tests */,
				D49616CF2F86376C0076F614 /* 立马记UITests */,
			);
		};
/* End PBXProject section */

/* Begin PBXResourcesBuildPhase section */
		D49616B52F86376A0076F614 /* Resources */ = {
			isa = PBXResourcesBuildPhase;
			buildActionMask = 2147483647;
			files = (
			);
			runOnlyForDeploymentPostprocessing = 0;
		};
		D49616C42F86376C0076F614 /* Resources */ = {
			isa = PBXResourcesBuildPhase;
			buildActionMask = 2147483647;
			files = (
			);
			runOnlyForDeploymentPostprocessing = 0;
		};
		D49616CE2F86376C0076F614 /* Resources */ = {
			isa = PBXResourcesBuildPhase;
			buildActionMask = 2147483647;
			files = (
			);
			runOnlyForDeploymentPostprocessing = 0;
		};
/* End PBXResourcesBuildPhase section */

/* Begin PBXSourcesBuildPhase section */
		D49616B32F86376A0076F614 /* Sources */ = {
			isa = PBXSourcesBuildPhase;
			buildActionMask = 2147483647;
			files = (
			);
			runOnlyForDeploymentPostprocessing = 0;
		};
		D49616C22F86376C0076F614 /* Sources */ = {
			isa = PBXSourcesBuildPhase;
			buildActionMask = 2147483647;
			files = (
			);
			runOnlyForDeploymentPostprocessing = 0;
		};
		D49616CC2F86376C0076F614 /* Sources */ = {
			isa = PBXSourcesBuildPhase;
			buildActionMask = 2147483647;
			files = (
			);
			runOnlyForDeploymentPostprocessing = 0;
		};
/* End PBXSourcesBuildPhase section */

/* Begin PBXTargetDependency section */
		D49616C82F86376C0076F614 /* PBXTargetDependency */ = {
			isa = PBXTargetDependency;
			target = D49616B62F86376A0076F614 /* 立马记 */;
			targetProxy = D49616C72F86376C0076F614 /* PBXContainerItemProxy */;
		};
		D49616D22F86376C0076F614 /* PBXTargetDependency */ = {
			isa = PBXTargetDependency;
			target = D49616B62F86376A0076F614 /* 立马记 */;
			targetProxy = D49616D12F86376C0076F614 /* PBXContainerItemProxy */;
		};
/* End PBXTargetDependency section */

/* Begin XCBuildConfiguration section */
		D49616D82F86376C0076F614 /* Debug */ = {
			isa = XCBuildConfiguration;
			buildSettings = {
				ALWAYS_SEARCH_USER_PATHS = NO;
				ASSETCATALOG_COMPILER_GENERATE_SWIFT_ASSET_SYMBOL_EXTENSIONS = YES;
				CLANG_ANALYZER_NONNULL = YES;
				CLANG_ANALYZER_NUMBER_OBJECT_CONVERSION = YES_AGGRESSIVE;
				CLANG_CXX_LANGUAGE_STANDARD = "gnu++20";
				CLANG_ENABLE_MODULES = YES;
				CLANG_ENABLE_OBJC_ARC = YES;
				CLANG_ENABLE_OBJC_WEAK = YES;
				CLANG_WARN_BLOCK_CAPTURE_AUTORELEASING = YES;
				CLANG_WARN_BOOL_CONVERSION = YES;
				CLANG_WARN_COMMA = YES;
				CLANG_WARN_CONSTANT_CONVERSION = YES;
				CLANG_WARN_DEPRECATED_OBJC_IMPLEMENTATIONS = YES;
				CLANG_WARN_DIRECT_OBJC_ISA_USAGE = YES_ERROR;
				CLANG_WARN_DOCUMENTATION_COMMENTS = YES;
				CLANG_WARN_EMPTY_BODY = YES;
				CLANG_WARN_ENUM_CONVERSION = YES;
				CLANG_WARN_INFINITE_RECURSION = YES;
				CLANG_WARN_INT_CONVERSION = YES;
				CLANG_WARN_NON_LITERAL_NULL_CONVERSION = YES;
				CLANG_WARN_OBJC_IMPLICIT_RETAIN_SELF = YES;
				CLANG_WARN_OBJC_LITERAL_CONVERSION = YES;
				CLANG_WARN_OBJC_ROOT_CLASS = YES_ERROR;
				CLANG_WARN_QUOTED_INCLUDE_IN_FRAMEWORK_HEADER = YES;
				CLANG_WARN_RANGE_LOOP_ANALYSIS = YES;
				CLANG_WARN_STRICT_PROTOTYPES = YES;
				CLANG_WARN_SUSPICIOUS_MOVE = YES;
				CLANG_WARN_UNGUARDED_AVAILABILITY = YES_AGGRESSIVE;
				CLANG_WARN_UNREACHABLE_CODE = YES;
				CLANG_WARN__DUPLICATE_METHOD_MATCH = YES;
				COPY_PHASE_STRIP = NO;
				DEBUG_INFORMATION_FORMAT = dwarf;
				ENABLE_STRICT_OBJC_MSGSEND = YES;
				ENABLE_TESTABILITY = YES;
				ENABLE_USER_SCRIPT_SANDBOXING = YES;
				GCC_C_LANGUAGE_STANDARD = gnu17;
				GCC_DYNAMIC_NO_PIC = NO;
				GCC_NO_COMMON_BLOCKS = YES;
				GCC_OPTIMIZATION_LEVEL = 0;
				GCC_PREPROCESSOR_DEFINITIONS = (
					"DEBUG=1",
					"$(inherited)",
				);
				GCC_WARN_64_TO_32_BIT_CONVERSION = YES;
				GCC_WARN_ABOUT_RETURN_TYPE = YES_ERROR;
				GCC_WARN_UNDECLARED_SELECTOR = YES;
				GCC_WARN_UNINITIALIZED_AUTOS = YES_AGGRESSIVE;
				GCC_WARN_UNUSED_FUNCTION = YES;
				GCC_WARN_UNUSED_VARIABLE = YES;
				IPHONEOS_DEPLOYMENT_TARGET = 18.5;
				LOCALIZATION_PREFERS_STRING_CATALOGS = YES;
				MTL_ENABLE_DEBUG_INFO = INCLUDE_SOURCE;
				MTL_FAST_MATH = YES;
				ONLY_ACTIVE_ARCH = YES;
				SDKROOT = iphoneos;
				SWIFT_ACTIVE_COMPILATION_CONDITIONS = "DEBUG $(inherited)";
				SWIFT_OPTIMIZATION_LEVEL = "-Onone";
			};
			name = Debug;
		};
		D49616D92F86376C0076F614 /* Release */ = {
			isa = XCBuildConfiguration;
			buildSettings = {
				ALWAYS_SEARCH_USER_PATHS = NO;
				ASSETCATALOG_COMPILER_GENERATE_SWIFT_ASSET_SYMBOL_EXTENSIONS = YES;
				CLANG_ANALYZER_NONNULL = YES;
				CLANG_ANALYZER_NUMBER_OBJECT_CONVERSION = YES_AGGRESSIVE;
				CLANG_CXX_LANGUAGE_STANDARD = "gnu++20";
				CLANG_ENABLE_MODULES = YES;
				CLANG_ENABLE_OBJC_ARC = YES;
				CLANG_ENABLE_OBJC_WEAK = YES;
				CLANG_WARN_BLOCK_CAPTURE_AUTORELEASING = YES;
				CLANG_WARN_BOOL_CONVERSION = YES;
				CLANG_WARN_COMMA = YES;
				CLANG_WARN_CONSTANT_CONVERSION = YES;
				CLANG_WARN_DEPRECATED_OBJC_IMPLEMENTATIONS = YES;
				CLANG_WARN_DIRECT_OBJC_ISA_USAGE = YES_ERROR;
				CLANG_WARN_DOCUMENTATION_COMMENTS = YES;
				CLANG_WARN_EMPTY_BODY = YES;
				CLANG_WARN_ENUM_CONVERSION = YES;
				CLANG_WARN_INFINITE_RECURSION = YES;
				CLANG_WARN_INT_CONVERSION = YES;
				CLANG_WARN_NON_LITERAL_NULL_CONVERSION = YES;
				CLANG_WARN_OBJC_IMPLICIT_RETAIN_SELF = YES;
				CLANG_WARN_OBJC_LITERAL_CONVERSION = YES;
				CLANG_WARN_OBJC_ROOT_CLASS = YES_ERROR;
				CLANG_WARN_QUOTED_INCLUDE_IN_FRAMEWORK_HEADER = YES;
				CLANG_WARN_RANGE_LOOP_ANALYSIS = YES;
				CLANG_WARN_STRICT_PROTOTYPES = YES;
				CLANG_WARN_SUSPICIOUS_MOVE = YES;
				CLANG_WARN_UNGUARDED_AVAILABILITY = YES_AGGRESSIVE;
				CLANG_WARN_UNREACHABLE_CODE = YES;
				CLANG_WARN__DUPLICATE_METHOD_MATCH = YES;
				COPY_PHASE_STRIP = NO;
				DEBUG_INFORMATION_FORMAT = "dwarf-with-dsym";
				ENABLE_NS_ASSERTIONS = NO;
				ENABLE_STRICT_OBJC_MSGSEND = YES;
				ENABLE_USER_SCRIPT_SANDBOXING = YES;
				GCC_C_LANGUAGE_STANDARD = gnu17;
				GCC_NO_COMMON_BLOCKS = YES;
				GCC_WARN_64_TO_32_BIT_CONVERSION = YES;
				GCC_WARN_ABOUT_RETURN_TYPE = YES_ERROR;
				GCC_WARN_UNDECLARED_SELECTOR = YES;
				GCC_WARN_UNINITIALIZED_AUTOS = YES_AGGRESSIVE;
				GCC_WARN_UNUSED_FUNCTION = YES;
				GCC_WARN_UNUSED_VARIABLE = YES;
				IPHONEOS_DEPLOYMENT_TARGET = 18.5;
				LOCALIZATION_PREFERS_STRING_CATALOGS = YES;
				MTL_ENABLE_DEBUG_INFO = NO;
				MTL_FAST_MATH = YES;
				SDKROOT = iphoneos;
				SWIFT_COMPILATION_MODE = wholemodule;
				VALIDATE_PRODUCT = YES;
			};
			name = Release;
		};
		D49616DB2F86376C0076F614 /* Debug */ = {
			isa = XCBuildConfiguration;
			buildSettings = {
				ASSETCATALOG_COMPILER_APPICON_NAME = AppIcon;
				ASSETCATALOG_COMPILER_GLOBAL_ACCENT_COLOR_NAME = AccentColor;
				CODE_SIGN_STYLE = Automatic;
				CURRENT_PROJECT_VERSION = 1;
				ENABLE_PREVIEWS = YES;
				GENERATE_INFOPLIST_FILE = YES;
				INFOPLIST_FILE = "----Info.plist";
				INFOPLIST_KEY_UIApplicationSceneManifest_Generation = YES;
				INFOPLIST_KEY_UIApplicationSupportsIndirectInputEvents = YES;
				INFOPLIST_KEY_UILaunchScreen_Generation = YES;
				INFOPLIST_KEY_UISupportedInterfaceOrientations_iPad = "UIInterfaceOrientationPortrait UIInterfaceOrientationPortraitUpsideDown UIInterfaceOrientationLandscapeLeft UIInterfaceOrientationLandscapeRight";
				INFOPLIST_KEY_UISupportedInterfaceOrientations_iPhone = "UIInterfaceOrientationPortrait UIInterfaceOrientationLandscapeLeft UIInterfaceOrientationLandscapeRight";
				LD_RUNPATH_SEARCH_PATHS = (
					"$(inherited)",
					"@executable_path/Frameworks",
				);
				MARKETING_VERSION = 1.0;
				PRODUCT_BUNDLE_IDENTIFIER = "cs193p.---";
				PRODUCT_NAME = "$(TARGET_NAME)";
				SWIFT_EMIT_LOC_STRINGS = YES;
				SWIFT_VERSION = 5.0;
				TARGETED_DEVICE_FAMILY = "1,2";
			};
			name = Debug;
		};
		D49616DC2F86376C0076F614 /* Release */ = {
			isa = XCBuildConfiguration;
			buildSettings = {
				ASSETCATALOG_COMPILER_APPICON_NAME = AppIcon;
				ASSETCATALOG_COMPILER_GLOBAL_ACCENT_COLOR_NAME = AccentColor;
				CODE_SIGN_STYLE = Automatic;
				CURRENT_PROJECT_VERSION = 1;
				ENABLE_PREVIEWS = YES;
				GENERATE_INFOPLIST_FILE = YES;
				INFOPLIST_FILE = "----Info.plist";
				INFOPLIST_KEY_UIApplicationSceneManifest_Generation = YES;
				INFOPLIST_KEY_UIApplicationSupportsIndirectInputEvents = YES;
				INFOPLIST_KEY_UILaunchScreen_Generation = YES;
				INFOPLIST_KEY_UISupportedInterfaceOrientations_iPad = "UIInterfaceOrientationPortrait UIInterfaceOrientationPortraitUpsideDown UIInterfaceOrientationLandscapeLeft UIInterfaceOrientationLandscapeRight";
				INFOPLIST_KEY_UISupportedInterfaceOrientations_iPhone = "UIInterfaceOrientationPortrait UIInterfaceOrientationLandscapeLeft UIInterfaceOrientationLandscapeRight";
				LD_RUNPATH_SEARCH_PATHS = (
					"$(inherited)",
					"@executable_path/Frameworks",
				);
				MARKETING_VERSION = 1.0;
				PRODUCT_BUNDLE_IDENTIFIER = "cs193p.---";
				PRODUCT_NAME = "$(TARGET_NAME)";
				SWIFT_EMIT_LOC_STRINGS = YES;
				SWIFT_VERSION = 5.0;
				TARGETED_DEVICE_FAMILY = "1,2";
			};
			name = Release;
		};
		D49616DE2F86376C0076F614 /* Debug */ = {
			isa = XCBuildConfiguration;
			buildSettings = {
				BUNDLE_LOADER = "$(TEST_HOST)";
				CODE_SIGN_STYLE = Automatic;
				CURRENT_PROJECT_VERSION = 1;
				GENERATE_INFOPLIST_FILE = YES;
				IPHONEOS_DEPLOYMENT_TARGET = 18.5;
				MARKETING_VERSION = 1.0;
				PRODUCT_BUNDLE_IDENTIFIER = "cs193p.---Tests";
				PRODUCT_NAME = "$(TARGET_NAME)";
				SWIFT_EMIT_LOC_STRINGS = NO;
				SWIFT_VERSION = 5.0;
				TARGETED_DEVICE_FAMILY = "1,2";
				TEST_HOST = "$(BUILT_PRODUCTS_DIR)/立马记.app/$(BUNDLE_EXECUTABLE_FOLDER_PATH)/立马记";
			};
			name = Debug;
		};
		D49616DF2F86376C0076F614 /* Release */ = {
			isa = XCBuildConfiguration;
			buildSettings = {
				BUNDLE_LOADER = "$(TEST_HOST)";
				CODE_SIGN_STYLE = Automatic;
				CURRENT_PROJECT_VERSION = 1;
				GENERATE_INFOPLIST_FILE = YES;
				IPHONEOS_DEPLOYMENT_TARGET = 18.5;
				MARKETING_VERSION = 1.0;
				PRODUCT_BUNDLE_IDENTIFIER = "cs193p.---Tests";
				PRODUCT_NAME = "$(TARGET_NAME)";
				SWIFT_EMIT_LOC_STRINGS = NO;
				SWIFT_VERSION = 5.0;
				TARGETED_DEVICE_FAMILY = "1,2";
				TEST_HOST = "$(BUILT_PRODUCTS_DIR)/立马记.app/$(BUNDLE_EXECUTABLE_FOLDER_PATH)/立马记";
			};
			name = Release;
		};
		D49616E12F86376C0076F614 /* Debug */ = {
			isa = XCBuildConfiguration;
			buildSettings = {
				CODE_SIGN_STYLE = Automatic;
				CURRENT_PROJECT_VERSION = 1;
				GENERATE_INFOPLIST_FILE = YES;
				MARKETING_VERSION = 1.0;
				PRODUCT_BUNDLE_IDENTIFIER = "cs193p.---UITests";
				PRODUCT_NAME = "$(TARGET_NAME)";
				SWIFT_EMIT_LOC_STRINGS = NO;
				SWIFT_VERSION = 5.0;
				TARGETED_DEVICE_FAMILY = "1,2";
				TEST_TARGET_NAME = "立马记";
			};
			name = Debug;
		};
		D49616E22F86376C0076F614 /* Release */ = {
			isa = XCBuildConfiguration;
			buildSettings = {
				CODE_SIGN_STYLE = Automatic;
				CURRENT_PROJECT_VERSION = 1;
				GENERATE_INFOPLIST_FILE = YES;
				MARKETING_VERSION = 1.0;
				PRODUCT_BUNDLE_IDENTIFIER = "cs193p.---UITests";
				PRODUCT_NAME = "$(TARGET_NAME)";
				SWIFT_EMIT_LOC_STRINGS = NO;
				SWIFT_VERSION = 5.0;
				TARGETED_DEVICE_FAMILY = "1,2";
				TEST_TARGET_NAME = "立马记";
			};
			name = Release;
		};
/* End XCBuildConfiguration section */

/* Begin XCConfigurationList section */
		D49616B22F86376A0076F614 /* Build configuration list for PBXProject "立马记" */ = {
			isa = XCConfigurationList;
			buildConfigurations = (
				D49616D82F86376C0076F614 /* Debug */,
				D49616D92F86376C0076F614 /* Release */,
			);
			defaultConfigurationIsVisible = 0;
			defaultConfigurationName = Release;
		};
		D49616DA2F86376C0076F614 /* Build configuration list for PBXNativeTarget "立马记" */ = {
			isa = XCConfigurationList;
			buildConfigurations = (
				D49616DB2F86376C0076F614 /* Debug */,
				D49616DC2F86376C0076F614 /* Release */,
			);
			defaultConfigurationIsVisible = 0;
			defaultConfigurationName = Release;
		};
		D49616DD2F86376C0076F614 /* Build configuration list for PBXNativeTarget "立马记Tests" */ = {
			isa = XCConfigurationList;
			buildConfigurations = (
				D49616DE2F86376C0076F614 /* Debug */,
				D49616DF2F86376C0076F614 /* Release */,
			);
			defaultConfigurationIsVisible = 0;
			defaultConfigurationName = Release;
		};
		D49616E02F86376C0076F614 /* Build configuration list for PBXNativeTarget "立马记UITests" */ = {
			isa = XCConfigurationList;
			buildConfigurations = (
				D49616E12F86376C0076F614 /* Debug */,
				D49616E22F86376C0076F614 /* Release */,
			);
			defaultConfigurationIsVisible = 0;
			defaultConfigurationName = Release;
		};
/* End XCConfigurationList section */
	};
	rootObject = D49616AF2F86376A0076F614 /* Project object */;
}
