// !$*UTF8*$!
{
	archiveVersion = 1;
	classes = {
	};
	objectVersion = 77;
	objects = {

/* Begin PBXBuildFile section */
		D4B7561A2F87E94000DB8244 /* WidgetKit.framework in Frameworks */ = {isa = PBXBuildFile; fileRef = D4B756192F87E94000DB8244 /* WidgetKit.framework */; };
		D4B7561C2F87E94000DB8244 /* SwiftUI.framework in Frameworks */ = {isa = PBXBuildFile; fileRef = D4B7561B2F87E94000DB8244 /* SwiftUI.framework */; };
		D4B7562B2F87E94100DB8244 /* LiMaJiWidgetExtension.appex in Embed Foundation Extensions */ = {isa = PBXBuildFile; fileRef = D4B756172F87E94000DB8244 /* LiMaJiWidgetExtension.appex */; settings = {ATTRIBUTES = (RemoveHeadersOnCopy, ); }; };
/* End PBXBuildFile section */

/* Begin PBXContainerItemProxy section */
		D49616C72F86376C0076F614 /* PBXContainerItemProxy */ = {
			isa = PBXContainerItemProxy;
			containerPortal = D49616AF2F86376A0076F614 /* Project object */;
			proxyType = 1;
			remoteGlobalIDString = D49616B62F86376A0076F614;
			remoteInfo = "立马记";
		};
		D49616D12F86376C0076F614 /* PBXContainerItemProxy */ = {
			isa = PBXContainerItemProxy;
			containerPortal = D49616AF2F86376A0076F614 /* Project object */;
			proxyType = 1;
			remoteGlobalIDString = D49616B62F86376A0076F614;
			remoteInfo = "立马记";
		};
		D4B756292F87E94100DB8244 /* PBXContainerItemProxy */ = {
			isa = PBXContainerItemProxy;
			containerPortal = D49616AF2F86376A0076F614 /* Project object */;
			proxyType = 1;
			remoteGlobalIDString = D4B756162F87E94000DB8244;
			remoteInfo = LiMaJiWidgetExtension;
		};
/* End PBXContainerItemProxy section */

/* Begin PBXCopyFilesBuildPhase section */
		D4B7562C2F87E94100DB8244 /* Embed Foundation Extensions */ = {
			isa = PBXCopyFilesBuildPhase;
			buildActionMask = 2147483647;
			dstPath = "";
			dstSubfolderSpec = 13;
			files = (
				D4B7562B2F87E94100DB8244 /* LiMaJiWidgetExtension.appex in Embed Foundation Extensions */,
			);
			name = "Embed Foundation Extensions";
			runOnlyForDeploymentPostprocessing = 0;
		};
/* End PBXCopyFilesBuildPhase section */

/* Begin PBXFileReference section */
		D49616B72F86376A0076F614 /* 立马记.app */ = {isa = PBXFileReference; explicitFileType = wrapper.application; includeInIndex = 0; path = "立马记.app"; sourceTree = BUILT_PRODUCTS_DIR; };
		D49616C62F86376C0076F614 /* 立马记Tests.xctest */ = {isa = PBXFileReference; explicitFileType = wrapper.cfbundle; includeInIndex = 0; path = "立马记Tests.xctest"; sourceTree = BUILT_PRODUCTS_DIR; };
		D49616D02F86376C0076F614 /* 立马记UITests.xctest */ = {isa = PBXFileReference; explicitFileType = wrapper.cfbundle; includeInIndex = 0; path = "立马记UITests.xctest"; sourceTree = BUILT_PRODUCTS_DIR; };
		D4B756172F87E94000DB8244 /* LiMaJiWidgetExtension.appex */ = {isa = PBXFileReference; explicitFileType = "wrapper.app-extension"; includeInIndex = 0; path = LiMaJiWidgetExtension.appex; sourceTree = BUILT_PRODUCTS_DIR; };
		D4B756192F87E94000DB8244 /* WidgetKit.framework */ = {isa = PBXFileReference; lastKnownFileType = wrapper.framework; name = WidgetKit.framework; path = System/Library/Frameworks/WidgetKit.framework; sourceTree = SDKROOT; };
		D4B7561B2F87E94000DB8244 /* SwiftUI.framework */ = {isa = PBXFileReference; lastKnownFileType = wrapper.framework; name = SwiftUI.framework; path = System/Library/Frameworks/SwiftUI.framework; sourceTree = SDKROOT; };
/* End PBXFileReference section */

/* Begin PBXFileSystemSynchronizedBuildFileExceptionSet section */
		D4B7562F2F87E94100DB8244 /* Exceptions for "LiMaJiWidget" folder in "LiMaJiWidgetExtension" target */ = {
			isa = PBXFileSystemSynchronizedBuildFileExceptionSet;
			membershipExceptions = (
				Info.plist,
			);
			target = D4B756162F87E94000DB8244 /* LiMaJiWidgetExtension */;
		};
		D4B756342F87ED6B00DB8244 /* Exceptions for "立马记" folder in "LiMaJiWidgetExtension" target */ = {
			isa = PBXFileSystemSynchronizedBuildFileExceptionSet;
			membershipExceptions = (
				Utils/WidgetDataStore.swift,
			);
			target = D4B756162F87E94000DB8244 /* LiMaJiWidgetExtension */;
		};
/* End PBXFileSystemSynchronizedBuildFileExceptionSet section */

/* Begin PBXFileSystemSynchronizedRootGroup section */
		D49616B92F86376A0076F614 /* 立马记 */ = {
			isa = PBXFileSystemSynchronizedRootGroup;
			exceptions = (
				D4B756342F87ED6B00DB8244 /* Exceptions for "立马记" folder in "LiMaJiWidgetExtension" target */,
			);
			path = "立马记";
			sourceTree = "<group>";
		};
		D49616C92F86376C0076F614 /* 立马记Tests */ = {
			isa = PBXFileSystemSynchronizedRootGroup;
			path = "立马记Tests";
			sourceTree = "<group>";
		};
		D49616D32F86376C0076F614 /* 立马记UITests */ = {
			isa = PBXFileSystemSynchronizedRootGroup;
			path = "立马记UITests";
			sourceTree = "<group>";
		};
		D4B7561D2F87E94000DB8244 /* LiMaJiWidget */ = {
			isa = PBXFileSystemSynchronizedRootGroup;
			exceptions = (
				D4B7562F2F87E94100DB8244 /* Exceptions for "LiMaJiWidget" folder in "LiMaJiWidgetExtension" target */,
			);
			path = LiMaJiWidget;
			sourceTree = "<group>";
		};
/* End PBXFileSystemSynchronizedRootGroup section */

/* Begin PBXFrameworksBuildPhase section */
		D49616B42F86376A0076F614 /* Frameworks */ = {
			isa = PBXFrameworksBuildPhase;
			buildActionMask = 2147483647;
			files = (
			);
			runOnlyForDeploymentPostprocessing = 0;
		};
		D49616C32F86376C0076F614 /* Frameworks */ = {
			isa = PBXFrameworksBuildPhase;
			buildActionMask = 2147483647;
			files = (
			);
			runOnlyForDeploymentPostprocessing = 0;
		};
		D49616CD2F86376C0076F614 /* Frameworks */ = {
			isa = PBXFrameworksBuildPhase;
			buildActionMask = 2147483647;
			files = (
			);
			runOnlyForDeploymentPostprocessing = 0;
		};
		D4B756142F87E94000DB8244 /* Frameworks */ = {
			isa = PBXFrameworksBuildPhase;
			buildActionMask = 2147483647;
			files = (
				D4B7561C2F87E94000DB8244 /* SwiftUI.framework in Frameworks */,
				D4B7561A2F87E94000DB8244 /* WidgetKit.framework in Frameworks */,
			);
			runOnlyForDeploymentPostprocessing = 0;
		};
/* End PBXFrameworksBuildPhase section */

/* Begin PBXGroup section */
		D49616AE2F86376A0076F614 = {
			isa = PBXGroup;
			children = (
				D49616B92F86376A0076F614 /* 立马记 */,
				D49616C92F86376C0076F614 /* 立马记Tests */,
				D49616D32F86376C0076F614 /* 立马记UITests */,
				D4B7561D2F87E94000DB8244 /* LiMaJiWidget */,
				D4B756182F87E94000DB8244 /* Frameworks */,
				D49616B82F86376A0076F614 /* Products */,
			);
			sourceTree = "<group>";
		};
		D49616B82F86376A0076F614 /* Products */ = {
			isa = PBXGroup;
			children = (
				D49616B72F86376A0076F614 /* 立马记.app */,
				D49616C62F86376C0076F614 /* 立马记Tests.xctest */,
				D49616D02F86376C0076F614 /* 立马记UITests.xctest */,
				D4B756172F87E94000DB8244 /* LiMaJiWidgetExtension.appex */,
			);
			name = Products;
			sourceTree = "<group>";
		};
		D4B756182F87E94000DB8244 /* Frameworks */ = {
			isa = PBXGroup;
			children = (
				D4B756192F87E94000DB8244 /* WidgetKit.framework */,
				D4B7561B2F87E94000DB8244 /* SwiftUI.framework */,
			);
			name = Frameworks;
			sourceTree = "<group>";
		};
/* End PBXGroup section */

/* Begin PBXNativeTarget section */
		D49616B62F86376A0076F614 /* 立马记 */ = {
			isa = PBXNativeTarget;
			buildConfigurationList = D49616DA2F86376C0076F614 /* Build configuration list for PBXNativeTarget "立马记" */;
			buildPhases = (
				D49616B32F86376A0076F614 /* Sources */,
				D49616B42F86376A0076F614 /* Frameworks */,
				D49616B52F86376A0076F614 /* Resources */,
				D4B7562C2F87E94100DB8244 /* Embed Foundation Extensions */,
			);
			buildRules = (
			);
			dependencies = (
				D4B7562A2F87E94100DB8244 /* PBXTargetDependency */,
			);
			fileSystemSynchronizedGroups = (
				D49616B92F86376A0076F614 /* 立马记 */,
			);
			name = "立马记";
			packageProductDependencies = (
			);
			productName = "立马记";
			productReference = D49616B72F86376A0076F614 /* 立马记.app */;
			productType = "com.apple.product-type.application";
		};
		D49616C52F86376C0076F614 /* 立马记Tests */ = {
			isa = PBXNativeTarget;
			buildConfigurationList = D49616DD2F86376C0076F614 /* Build configuration list for PBXNativeTarget "立马记Tests" */;
			buildPhases = (
				D49616C22F86376C0076F614 /* Sources */,
				D49616C32F86376C0076F614 /* Frameworks */,
				D49616C42F86376C0076F614 /* Resources */,
			);
			buildRules = (
			);
			dependencies = (
				D49616C82F86376C0076F614 /* PBXTargetDependency */,
			);
			fileSystemSynchronizedGroups = (
				D49616C92F86376C0076F614 /* 立马记Tests */,
			);
			name = "立马记Tests";
			packageProductDependencies = (
			);
			productName = "立马记Tests";
			productReference = D49616C62F86376C0076F614 /* 立马记Tests.xctest */;
			productType = "com.apple.product-type.bundle.unit-test";
		};
		D49616CF2F86376C0076F614 /* 立马记UITests */ = {
			isa = PBXNativeTarget;
			buildConfigurationList = D49616E02F86376C0076F614 /* Build configuration list for PBXNativeTarget "立马记UITests" */;
			buildPhases = (
				D49616CC2F86376C0076F614 /* Sources */,
				D49616CD2F86376C0076F614 /* Frameworks */,
				D49616CE2F86376C0076F614 /* Resources */,
			);
			buildRules = (
			);
			dependencies = (
				D49616D22F86376C0076F614 /* PBXTargetDependency */,
			);
			fileSystemSynchronizedGroups = (
				D49616D32F86376C0076F614 /* 立马记UITests */,
			);
			name = "立马记UITests";
			packageProductDependencies = (
			);
			productName = "立马记UITests";
			productReference = D49616D02F86376C0076F614 /* 立马记UITests.xctest */;
			productType = "com.apple.product-type.bundle.ui-testing";
		};
		D4B756162F87E94000DB8244 /* LiMaJiWidgetExtension */ = {
			isa = PBXNativeTarget;
			buildConfigurationList = D4B756302F87E94100DB8244 /* Build configuration list for PBXNativeTarget "LiMaJiWidgetExtension" */;
			buildPhases = (
				D4B756132F87E94000DB8244 /* Sources */,
				D4B756142F87E94000DB8244 /* Frameworks */,
				D4B756152F87E94000DB8244 /* Resources */,
			);
			buildRules = (
			);
			dependencies = (
			);
			fileSystemSynchronizedGroups = (
				D4B7561D2F87E94000DB8244 /* LiMaJiWidget */,
			);
			name = LiMaJiWidgetExtension;
			packageProductDependencies = (
			);
			productName = LiMaJiWidgetExtension;
			productReference = D4B756172F87E94000DB8244 /* LiMaJiWidgetExtension.appex */;
			productType = "com.apple.product-type.app-extension";
		};
/* End PBXNativeTarget section */

/* Begin PBXProject section */
		D49616AF2F86376A0076F614 /* Project object */ = {
			isa = PBXProject;
			attributes = {
				BuildIndependentTargetsInParallel = 1;
				LastSwiftUpdateCheck = 1640;
				LastUpgradeCheck = 1640;
				TargetAttributes = {
					D49616B62F86376A0076F614 = {
						CreatedOnToolsVersion = 16.4;
					};
					D49616C52F86376C0076F614 = {
						CreatedOnToolsVersion = 16.4;
						TestTargetID = D49616B62F86376A0076F614;
					};
					D49616CF2F86376C0076F614 = {
						CreatedOnToolsVersion = 16.4;
						TestTargetID = D49616B62F86376A0076F614;
					};
					D4B756162F87E94000DB8244 = {
						CreatedOnToolsVersion = 16.4;
					};
				};
			};
			buildConfigurationList = D49616B22F86376A0076F614 /* Build configuration list for PBXProject "立马记" */;
			developmentRegion = en;
			hasScannedForEncodings = 0;
			knownRegions = (
				en,
				Base,
			);
			mainGroup = D49616AE2F86376A0076F614;
			minimizedProjectReferenceProxies = 1;
			preferredProjectObjectVersion = 77;
			productRefGroup = D49616B82F86376A0076F614 /* Products */;
			projectDirPath = "";
			projectRoot = "";
			targets = (
				D49616B62F86376A0076F614 /* 立马记 */,
				D49616C52F86376C0076F614 /* 立马记Tests */,
				D49616CF2F86376C0076F614 /* 立马记UITests */,
				D4B756162F87E94000DB8244 /* LiMaJiWidgetExtension */,
			);
		};
/* End PBXProject section */

/* Begin PBXResourcesBuildPhase section */
		D49616B52F86376A0076F614 /* Resources */ = {
			isa = PBXResourcesBuildPhase;
			buildActionMask = 2147483647;
			files = (
			);
			runOnlyForDeploymentPostprocessing = 0;
		};
		D49616C42F86376C0076F614 /* Resources */ = {
			isa = PBXResourcesBuildPhase;
			buildActionMask = 2147483647;
			files = (
			);
			runOnlyForDeploymentPostprocessing = 0;
		};
		D49616CE2F86376C0076F614 /* Resources */ = {
			isa = PBXResourcesBuildPhase;
			buildActionMask = 2147483647;
			files = (
			);
			runOnlyForDeploymentPostprocessing = 0;
		};
		D4B756152F87E94000DB8244 /* Resources */ = {
			isa = PBXResourcesBuildPhase;
			buildActionMask = 2147483647;
			files = (
			);
			runOnlyForDeploymentPostprocessing = 0;
		};
/* End PBXResourcesBuildPhase section */

/* Begin PBXSourcesBuildPhase section */
		D49616B32F86376A0076F614 /* Sources */ = {
			isa = PBXSourcesBuildPhase;
			buildActionMask = 2147483647;
			files = (
			);
			runOnlyForDeploymentPostprocessing = 0;
		};
		D49616C22F86376C0076F614 /* Sources */ = {
			isa = PBXSourcesBuildPhase;
			buildActionMask = 2147483647;
			files = (
			);
			runOnlyForDeploymentPostprocessing = 0;
		};
		D49616CC2F86376C0076F614 /* Sources */ = {
			isa = PBXSourcesBuildPhase;
			buildActionMask = 2147483647;
			files = (
			);
			runOnlyForDeploymentPostprocessing = 0;
		};
		D4B756132F87E94000DB8244 /* Sources */ = {
			isa = PBXSourcesBuildPhase;
			buildActionMask = 2147483647;
			files = (
			);
			runOnlyForDeploymentPostprocessing = 0;
		};
/* End PBXSourcesBuildPhase section */

/* Begin PBXTargetDependency section */
		D49616C82F86376C0076F614 /* PBXTargetDependency */ = {
			isa = PBXTargetDependency;
			target = D49616B62F86376A0076F614 /* 立马记 */;
			targetProxy = D49616C72F86376C0076F614 /* PBXContainerItemProxy */;
		};
		D49616D22F86376C0076F614 /* PBXTargetDependency */ = {
			isa = PBXTargetDependency;
			target = D49616B62F86376A0076F614 /* 立马记 */;
			targetProxy = D49616D12F86376C0076F614 /* PBXContainerItemProxy */;
		};
		D4B7562A2F87E94100DB8244 /* PBXTargetDependency */ = {
			isa = PBXTargetDependency;
			target = D4B756162F87E94000DB8244 /* LiMaJiWidgetExtension */;
			targetProxy = D4B756292F87E94100DB8244 /* PBXContainerItemProxy */;
		};
/* End PBXTargetDependency section */

/* Begin XCBuildConfiguration section */
		D49616D82F86376C0076F614 /* Debug */ = {
			isa = XCBuildConfiguration;
			buildSettings = {
				ALWAYS_SEARCH_USER_PATHS = NO;
				ASSETCATALOG_COMPILER_GENERATE_SWIFT_ASSET_SYMBOL_EXTENSIONS = YES;
				CLANG_ANALYZER_NONNULL = YES;
				CLANG_ANALYZER_NUMBER_OBJECT_CONVERSION = YES_AGGRESSIVE;
				CLANG_CXX_LANGUAGE_STANDARD = "gnu++20";
				CLANG_ENABLE_MODULES = YES;
				CLANG_ENABLE_OBJC_ARC = YES;
				CLANG_ENABLE_OBJC_WEAK = YES;
				CLANG_WARN_BLOCK_CAPTURE_AUTORELEASING = YES;
				CLANG_WARN_BOOL_CONVERSION = YES;
				CLANG_WARN_COMMA = YES;
				CLANG_WARN_CONSTANT_CONVERSION = YES;
				CLANG_WARN_DEPRECATED_OBJC_IMPLEMENTATIONS = YES;
				CLANG_WARN_DIRECT_OBJC_ISA_USAGE = YES_ERROR;
				CLANG_WARN_DOCUMENTATION_COMMENTS = YES;
				CLANG_WARN_EMPTY_BODY = YES;
				CLANG_WARN_ENUM_CONVERSION = YES;
				CLANG_WARN_INFINITE_RECURSION = YES;
				CLANG_WARN_INT_CONVERSION = YES;
				CLANG_WARN_NON_LITERAL_NULL_CONVERSION = YES;
				CLANG_WARN_OBJC_IMPLICIT_RETAIN_SELF = YES;
				CLANG_WARN_OBJC_LITERAL_CONVERSION = YES;
				CLANG_WARN_OBJC_ROOT_CLASS = YES_ERROR;
				CLANG_WARN_QUOTED_INCLUDE_IN_FRAMEWORK_HEADER = YES;
				CLANG_WARN_RANGE_LOOP_ANALYSIS = YES;
				CLANG_WARN_STRICT_PROTOTYPES = YES;
				CLANG_WARN_SUSPICIOUS_MOVE = YES;
				CLANG_WARN_UNGUARDED_AVAILABILITY = YES_AGGRESSIVE;
				CLANG_WARN_UNREACHABLE_CODE = YES;
				CLANG_WARN__DUPLICATE_METHOD_MATCH = YES;
				COPY_PHASE_STRIP = NO;
				DEBUG_INFORMATION_FORMAT = dwarf;
				ENABLE_STRICT_OBJC_MSGSEND = YES;
				ENABLE_TESTABILITY = YES;
				ENABLE_USER_SCRIPT_SANDBOXING = YES;
				GCC_C_LANGUAGE_STANDARD = gnu17;
				GCC_DYNAMIC_NO_PIC = NO;
				GCC_NO_COMMON_BLOCKS = YES;
				GCC_OPTIMIZATION_LEVEL = 0;
				GCC_PREPROCESSOR_DEFINITIONS = (
					"DEBUG=1",
					"$(inherited)",
				);
				GCC_WARN_64_TO_32_BIT_CONVERSION = YES;
				GCC_WARN_ABOUT_RETURN_TYPE = YES_ERROR;
				GCC_WARN_UNDECLARED_SELECTOR = YES;
				GCC_WARN_UNINITIALIZED_AUTOS = YES_AGGRESSIVE;
				GCC_WARN_UNUSED_FUNCTION = YES;
				GCC_WARN_UNUSED_VARIABLE = YES;
				IPHONEOS_DEPLOYMENT_TARGET = 18.5;
				LOCALIZATION_PREFERS_STRING_CATALOGS = YES;
				MTL_ENABLE_DEBUG_INFO = INCLUDE_SOURCE;
				MTL_FAST_MATH = YES;
				ONLY_ACTIVE_ARCH = YES;
				SDKROOT = iphoneos;
				SWIFT_ACTIVE_COMPILATION_CONDITIONS = "DEBUG $(inherited)";
				SWIFT_OPTIMIZATION_LEVEL = "-Onone";
			};
			name = Debug;
		};
		D49616D92F86376C0076F614 /* Release */ = {
			isa = XCBuildConfiguration;
			buildSettings = {
				ALWAYS_SEARCH_USER_PATHS = NO;
				ASSETCATALOG_COMPILER_GENERATE_SWIFT_ASSET_SYMBOL_EXTENSIONS = YES;
				CLANG_ANALYZER_NONNULL = YES;
				CLANG_ANALYZER_NUMBER_OBJECT_CONVERSION = YES_AGGRESSIVE;
				CLANG_CXX_LANGUAGE_STANDARD = "gnu++20";
				CLANG_ENABLE_MODULES = YES;
				CLANG_ENABLE_OBJC_ARC = YES;
				CLANG_ENABLE_OBJC_WEAK = YES;
				CLANG_WARN_BLOCK_CAPTURE_AUTORELEASING = YES;
				CLANG_WARN_BOOL_CONVERSION = YES;
				CLANG_WARN_COMMA = YES;
				CLANG_WARN_CONSTANT_CONVERSION = YES;
				CLANG_WARN_DEPRECATED_OBJC_IMPLEMENTATIONS = YES;
				CLANG_WARN_DIRECT_OBJC_ISA_USAGE = YES_ERROR;
				CLANG_WARN_DOCUMENTATION_COMMENTS = YES;
				CLANG_WARN_EMPTY_BODY = YES;
				CLANG_WARN_ENUM_CONVERSION = YES;
				CLANG_WARN_INFINITE_RECURSION = YES;
				CLANG_WARN_INT_CONVERSION = YES;
				CLANG_WARN_NON_LITERAL_NULL_CONVERSION = YES;
				CLANG_WARN_OBJC_IMPLICIT_RETAIN_SELF = YES;
				CLANG_WARN_OBJC_LITERAL_CONVERSION = YES;
				CLANG_WARN_OBJC_ROOT_CLASS = YES_ERROR;
				CLANG_WARN_QUOTED_INCLUDE_IN_FRAMEWORK_HEADER = YES;
				CLANG_WARN_RANGE_LOOP_ANALYSIS = YES;
				CLANG_WARN_STRICT_PROTOTYPES = YES;
				CLANG_WARN_SUSPICIOUS_MOVE = YES;
				CLANG_WARN_UNGUARDED_AVAILABILITY = YES_AGGRESSIVE;
				CLANG_WARN_UNREACHABLE_CODE = YES;
				CLANG_WARN__DUPLICATE_METHOD_MATCH = YES;
				COPY_PHASE_STRIP = NO;
				DEBUG_INFORMATION_FORMAT = "dwarf-with-dsym";
				ENABLE_NS_ASSERTIONS = NO;
				ENABLE_STRICT_OBJC_MSGSEND = YES;
				ENABLE_USER_SCRIPT_SANDBOXING = YES;
				GCC_C_LANGUAGE_STANDARD = gnu17;
				GCC_NO_COMMON_BLOCKS = YES;
				GCC_WARN_64_TO_32_BIT_CONVERSION = YES;
				GCC_WARN_ABOUT_RETURN_TYPE = YES_ERROR;
				GCC_WARN_UNDECLARED_SELECTOR = YES;
				GCC_WARN_UNINITIALIZED_AUTOS = YES_AGGRESSIVE;
				GCC_WARN_UNUSED_FUNCTION = YES;
				GCC_WARN_UNUSED_VARIABLE = YES;
				IPHONEOS_DEPLOYMENT_TARGET = 18.5;
				LOCALIZATION_PREFERS_STRING_CATALOGS = YES;
				MTL_ENABLE_DEBUG_INFO = NO;
				MTL_FAST_MATH = YES;
				SDKROOT = iphoneos;
				SWIFT_COMPILATION_MODE = wholemodule;
				VALIDATE_PRODUCT = YES;
			};
			name = Release;
		};
		D49616DB2F86376C0076F614 /* Debug */ = {
			isa = XCBuildConfiguration;
			buildSettings = {
				ASSETCATALOG_COMPILER_APPICON_NAME = AppIcon;
				ASSETCATALOG_COMPILER_GLOBAL_ACCENT_COLOR_NAME = AccentColor;
				CODE_SIGN_ENTITLEMENTS = "立马记/立马记.entitlements";
				CODE_SIGN_STYLE = Automatic;
				CURRENT_PROJECT_VERSION = 1;
				DEVELOPMENT_TEAM = P3T572J4MW;
				ENABLE_PREVIEWS = YES;
				GENERATE_INFOPLIST_FILE = YES;
				INFOPLIST_FILE = "----Info.plist";
				INFOPLIST_KEY_UIApplicationSceneManifest_Generation = YES;
				INFOPLIST_KEY_UIApplicationSupportsIndirectInputEvents = YES;
				INFOPLIST_KEY_UILaunchScreen_Generation = YES;
				INFOPLIST_KEY_UISupportedInterfaceOrientations_iPad = "UIInterfaceOrientationPortrait UIInterfaceOrientationPortraitUpsideDown UIInterfaceOrientationLandscapeLeft UIInterfaceOrientationLandscapeRight";
				INFOPLIST_KEY_UISupportedInterfaceOrientations_iPhone = "UIInterfaceOrientationPortrait UIInterfaceOrientationLandscapeLeft UIInterfaceOrientationLandscapeRight";
				LD_RUNPATH_SEARCH_PATHS = (
					"$(inherited)",
					"@executable_path/Frameworks",
				);
				MARKETING_VERSION = 1.0;
				PRODUCT_BUNDLE_IDENTIFIER = com.tanyawen.limaji;
				PRODUCT_NAME = "$(TARGET_NAME)";
				SWIFT_EMIT_LOC_STRINGS = YES;
				SWIFT_VERSION = 5.0;
				TARGETED_DEVICE_FAMILY = "1,2";
			};
			name = Debug;
		};
		D49616DC2F86376C0076F614 /* Release */ = {
			isa = XCBuildConfiguration;
			buildSettings = {
				ASSETCATALOG_COMPILER_APPICON_NAME = AppIcon;
				ASSETCATALOG_COMPILER_GLOBAL_ACCENT_COLOR_NAME = AccentColor;
				CODE_SIGN_ENTITLEMENTS = "立马记/立马记.entitlements";
				CODE_SIGN_STYLE = Automatic;
				CURRENT_PROJECT_VERSION = 1;
				DEVELOPMENT_TEAM = P3T572J4MW;
				ENABLE_PREVIEWS = YES;
				GENERATE_INFOPLIST_FILE = YES;
				INFOPLIST_FILE = "----Info.plist";
				INFOPLIST_KEY_UIApplicationSceneManifest_Generation = YES;
				INFOPLIST_KEY_UIApplicationSupportsIndirectInputEvents = YES;
				INFOPLIST_KEY_UILaunchScreen_Generation = YES;
				INFOPLIST_KEY_UISupportedInterfaceOrientations_iPad = "UIInterfaceOrientationPortrait UIInterfaceOrientationPortraitUpsideDown UIInterfaceOrientationLandscapeLeft UIInterfaceOrientationLandscapeRight";
				INFOPLIST_KEY_UISupportedInterfaceOrientations_iPhone = "UIInterfaceOrientationPortrait UIInterfaceOrientationLandscapeLeft UIInterfaceOrientationLandscapeRight";
				LD_RUNPATH_SEARCH_PATHS = (
					"$(inherited)",
					"@executable_path/Frameworks",
				);
				MARKETING_VERSION = 1.0;
				PRODUCT_BUNDLE_IDENTIFIER = com.tanyawen.limaji;
				PRODUCT_NAME = "$(TARGET_NAME)";
				SWIFT_EMIT_LOC_STRINGS = YES;
				SWIFT_VERSION = 5.0;
				TARGETED_DEVICE_FAMILY = "1,2";
			};
			name = Release;
		};
		D49616DE2F86376C0076F614 /* Debug */ = {
			isa = XCBuildConfiguration;
			buildSettings = {
				BUNDLE_LOADER = "$(TEST_HOST)";
				CODE_SIGN_STYLE = Automatic;
				CURRENT_PROJECT_VERSION = 1;
				GENERATE_INFOPLIST_FILE = YES;
				IPHONEOS_DEPLOYMENT_TARGET = 18.5;
				MARKETING_VERSION = 1.0;
				PRODUCT_BUNDLE_IDENTIFIER = "cs193p.---Tests";
				PRODUCT_NAME = "$(TARGET_NAME)";
				SWIFT_EMIT_LOC_STRINGS = NO;
				SWIFT_VERSION = 5.0;
				TARGETED_DEVICE_FAMILY = "1,2";
				TEST_HOST = "$(BUILT_PRODUCTS_DIR)/立马记.app/$(BUNDLE_EXECUTABLE_FOLDER_PATH)/立马记";
			};
			name = Debug;
		};
		D49616DF2F86376C0076F614 /* Release */ = {
			isa = XCBuildConfiguration;
			buildSettings = {
				BUNDLE_LOADER = "$(TEST_HOST)";
				CODE_SIGN_STYLE = Automatic;
				CURRENT_PROJECT_VERSION = 1;
				GENERATE_INFOPLIST_FILE = YES;
				IPHONEOS_DEPLOYMENT_TARGET = 18.5;
				MARKETING_VERSION = 1.0;
				PRODUCT_BUNDLE_IDENTIFIER = "cs193p.---Tests";
				PRODUCT_NAME = "$(TARGET_NAME)";
				SWIFT_EMIT_LOC_STRINGS = NO;
				SWIFT_VERSION = 5.0;
				TARGETED_DEVICE_FAMILY = "1,2";
				TEST_HOST = "$(BUILT_PRODUCTS_DIR)/立马记.app/$(BUNDLE_EXECUTABLE_FOLDER_PATH)/立马记";
			};
			name = Release;
		};
		D49616E12F86376C0076F614 /* Debug */ = {
			isa = XCBuildConfiguration;
			buildSettings = {
				CODE_SIGN_STYLE = Automatic;
				CURRENT_PROJECT_VERSION = 1;
				GENERATE_INFOPLIST_FILE = YES;
				MARKETING_VERSION = 1.0;
				PRODUCT_BUNDLE_IDENTIFIER = "cs193p.---UITests";
				PRODUCT_NAME = "$(TARGET_NAME)";
				SWIFT_EMIT_LOC_STRINGS = NO;
				SWIFT_VERSION = 5.0;
				TARGETED_DEVICE_FAMILY = "1,2";
				TEST_TARGET_NAME = "立马记";
			};
			name = Debug;
		};
		D49616E22F86376C0076F614 /* Release */ = {
			isa = XCBuildConfiguration;
			buildSettings = {
				CODE_SIGN_STYLE = Automatic;
				CURRENT_PROJECT_VERSION = 1;
				GENERATE_INFOPLIST_FILE = YES;
				MARKETING_VERSION = 1.0;
				PRODUCT_BUNDLE_IDENTIFIER = "cs193p.---UITests";
				PRODUCT_NAME = "$(TARGET_NAME)";
				SWIFT_EMIT_LOC_STRINGS = NO;
				SWIFT_VERSION = 5.0;
				TARGETED_DEVICE_FAMILY = "1,2";
				TEST_TARGET_NAME = "立马记";
			};
			name = Release;
		};
		D4B7562D2F87E94100DB8244 /* Debug */ = {
			isa = XCBuildConfiguration;
			buildSettings = {
				ASSETCATALOG_COMPILER_GLOBAL_ACCENT_COLOR_NAME = AccentColor;
				ASSETCATALOG_COMPILER_WIDGET_BACKGROUND_COLOR_NAME = WidgetBackground;
				CODE_SIGN_ENTITLEMENTS = LiMaJiWidgetExtension.entitlements;
				CODE_SIGN_STYLE = Automatic;
				CURRENT_PROJECT_VERSION = 1;
				DEVELOPMENT_TEAM = P3T572J4MW;
				GENERATE_INFOPLIST_FILE = YES;
				INFOPLIST_FILE = LiMaJiWidget/Info.plist;
				INFOPLIST_KEY_CFBundleDisplayName = LiMaJiWidget;
				INFOPLIST_KEY_NSHumanReadableCopyright = "";
				LD_RUNPATH_SEARCH_PATHS = (
					"$(inherited)",
					"@executable_path/Frameworks",
					"@executable_path/../../Frameworks",
				);
				MARKETING_VERSION = 1.0;
				PRODUCT_BUNDLE_IDENTIFIER = com.tanyawen.limaji.LiMaJiWidget;
				PRODUCT_NAME = "$(TARGET_NAME)";
				SKIP_INSTALL = YES;
				SWIFT_EMIT_LOC_STRINGS = YES;
				SWIFT_VERSION = 5.0;
				TARGETED_DEVICE_FAMILY = "1,2";
			};
			name = Debug;
		};
		D4B7562E2F87E94100DB8244 /* Release */ = {
			isa = XCBuildConfiguration;
			buildSettings = {
				ASSETCATALOG_COMPILER_GLOBAL_ACCENT_COLOR_NAME = AccentColor;
				ASSETCATALOG_COMPILER_WIDGET_BACKGROUND_COLOR_NAME = WidgetBackground;
				CODE_SIGN_ENTITLEMENTS = LiMaJiWidgetExtension.entitlements;
				CODE_SIGN_STYLE = Automatic;
				CURRENT_PROJECT_VERSION = 1;
				DEVELOPMENT_TEAM = P3T572J4MW;
				GENERATE_INFOPLIST_FILE = YES;
				INFOPLIST_FILE = LiMaJiWidget/Info.plist;
				INFOPLIST_KEY_CFBundleDisplayName = LiMaJiWidget;
				INFOPLIST_KEY_NSHumanReadableCopyright = "";
				LD_RUNPATH_SEARCH_PATHS = (
					"$(inherited)",
					"@executable_path/Frameworks",
					"@executable_path/../../Frameworks",
				);
				MARKETING_VERSION = 1.0;
				PRODUCT_BUNDLE_IDENTIFIER = com.tanyawen.limaji.LiMaJiWidget;
				PRODUCT_NAME = "$(TARGET_NAME)";
				SKIP_INSTALL = YES;
				SWIFT_EMIT_LOC_STRINGS = YES;
				SWIFT_VERSION = 5.0;
				TARGETED_DEVICE_FAMILY = "1,2";
			};
			name = Release;
		};
/* End XCBuildConfiguration section */

/* Begin XCConfigurationList section */
		D49616B22F86376A0076F614 /* Build configuration list for PBXProject "立马记" */ = {
			isa = XCConfigurationList;
			buildConfigurations = (
				D49616D82F86376C0076F614 /* Debug */,
				D49616D92F86376C0076F614 /* Release */,
			);
			defaultConfigurationIsVisible = 0;
			defaultConfigurationName = Release;
		};
		D49616DA2F86376C0076F614 /* Build configuration list for PBXNativeTarget "立马记" */ = {
			isa = XCConfigurationList;
			buildConfigurations = (
				D49616DB2F86376C0076F614 /* Debug */,
				D49616DC2F86376C0076F614 /* Release */,
			);
			defaultConfigurationIsVisible = 0;
			defaultConfigurationName = Release;
		};
		D49616DD2F86376C0076F614 /* Build configuration list for PBXNativeTarget "立马记Tests" */ = {
			isa = XCConfigurationList;
			buildConfigurations = (
				D49616DE2F86376C0076F614 /* Debug */,
				D49616DF2F86376C0076F614 /* Release */,
			);
			defaultConfigurationIsVisible = 0;
			defaultConfigurationName = Release;
		};
		D49616E02F86376C0076F614 /* Build configuration list for PBXNativeTarget "立马记UITests" */ = {
			isa = XCConfigurationList;
			buildConfigurations = (
				D49616E12F86376C0076F614 /* Debug */,
				D49616E22F86376C0076F614 /* Release */,
			);
			defaultConfigurationIsVisible = 0;
			defaultConfigurationName = Release;
		};
		D4B756302F87E94100DB8244 /* Build configuration list for PBXNativeTarget "LiMaJiWidgetExtension" */ = {
			isa = XCConfigurationList;
			buildConfigurations = (
				D4B7562D2F87E94100DB8244 /* Debug */,
				D4B7562E2F87E94100DB8244 /* Release */,
			);
			defaultConfigurationIsVisible = 0;
			defaultConfigurationName = Release;
		};
/* End XCConfigurationList section */
	};
	rootObject = D49616AF2F86376A0076F614 /* Project object */;
}
